# This file is automatically @generated by Cargo.
# It is not intended for manual editing.
version = 4

[[package]]
name = "luna-abi"
version = "0.1.0"

[[package]]
name = "luna-app"
version = "0.1.0"
dependencies = [
 "luna-assembler",
 "luna-machine",
 "luna-monitor",
 "luna-qemu-backend",
]

[[package]]
name = "luna-asm-lexer"
version = "0.1.0"
dependencies = [
 "luna-diag",
]

[[package]]
name = "luna-assembler"
version = "0.1.0"
dependencies = [
 "luna-asm-lexer",
 "luna-diag",
 "luna-isa",
]

[[package]]
name = "luna-diag"
version = "0.1.0"

[[package]]
name = "luna-disassembler"
version = "0.1.0"
dependencies = [
 "luna-assembler",
 "luna-diag",
 "luna-isa",
]

[[package]]
name = "luna-floatfmt"
version = "0.1.0"

[[package]]
name = "luna-guest-monitor"
version = "0.1.0"
dependencies = [
 "luna-isa-core",
 "luna-target-api",
]

[[package]]
name = "luna-isa"
version = "0.1.0"
dependencies = [
 "luna-diag",
 "luna-isa-core",
]

[[package]]
name = "luna-isa-core"
version = "0.1.0"

[[package]]
name = "luna-machine"
version = "0.1.0"
dependencies = [
 "luna-diag",
 "luna-floatfmt",
 "luna-isa",
 "luna-memory",
 "luna-target-api",
]

[[package]]
name = "luna-memory"
version = "0.1.0"
dependencies = [
 "luna-diag",
]

[[package]]
name = "luna-monitor"
version = "0.1.0"
dependencies = [
 "luna-assembler",
 "luna-diag",
 "luna-disassembler",
 "luna-floatfmt",
 "luna-isa",
 "luna-machine",
 "luna-target-api",
]

[[package]]
name = "luna-qemu-backend"
version = "0.1.0"
dependencies = [
 "luna-target-api",
]

[[package]]
name = "luna-target-api"
version = "0.1.0"
